
Microsoft Visual Studio Solution File, Format Version 12.00
# Visual Studio Version 17
VisualStudioVersion = 17.1.32210.238
MinimumVisualStudioVersion = 10.0.40219.1
Project("{FAE04EC0-301F-11D3-BF4B-00C04F79EFBC}") = "InTurn", "InTurn\InTurn.csproj", "{AED99A3E-CDDF-4AAA-BFEC-B8279B2193B5}"
EndProject
Project("{FAE04EC0-301F-11D3-BF4B-00C04F79EFBC}") = "InTurn-Model", "InTurn-Model\InTurn-Model.csproj", "{B56EEC01-4457-498B-8111-0FB5FE0C0B76}"
EndProject
Global
	GlobalSection(SolutionConfigurationPlatforms) = preSolution
		Debug|Any CPU = Debug|Any CPU
		Release|Any CPU = Release|Any CPU
	EndGlobalSection
	GlobalSection(ProjectConfigurationPlatforms) = postSolution
		{AED99A3E-CDDF-4AAA-BFEC-B8279B2193B5}.Debug|Any CPU.ActiveCfg = Debug|Any CPU
		{AED99A3E-CDDF-4AAA-BFEC-B8279B2193B5}.Debug|Any CPU.Build.0 = Debug|Any CPU
		{AED99A3E-CDDF-4AAA-BFEC-B8279B2193B5}.Release|Any CPU.ActiveCfg = Release|Any CPU
		{AED99A3E-CDDF-4AAA-BFEC-B8279B2193B5}.Release|Any CPU.Build.0 = Release|Any CPU
		{B56EEC01-4457-498B-8111-0FB5FE0C0B76}.Debug|Any CPU.ActiveCfg = Debug|Any CPU
		{B56EEC01-4457-498B-8111-0FB5FE0C0B76}.Debug|Any CPU.Build.0 = Debug|Any CPU
		{B56EEC01-4457-498B-8111-0FB5FE0C0B76}.Release|Any CPU.ActiveCfg = Release|Any CPU
		{B56EEC01-4457-498B-8111-0FB5FE0C0B76}.Release|Any CPU.Build.0 = Release|Any CPU
	EndGlobalSection
	GlobalSection(SolutionProperties) = preSolution
		HideSolutionNode = FALSE
	EndGlobalSection
	GlobalSection(ExtensibilityGlobals) = postSolution
		SolutionGuid = {DA4F2D5E-522F-432C-8377-CA180C9DC708}
	EndGlobalSection
EndGlobal
